{
  "version": 4,
  "terraform_version": "1.1.7",
  "serial": 4,
  "lineage": "b36fc171-d814-697a-785f-9733380cc280",
  "outputs": {
    "url": {
      "value": "welfare-project-tf.azurewebsites.net",
      "type": "string"
    }
  },
  "resources": [
    {
      "mode": "managed",
      "type": "azurerm_app_service",
      "name": "main",
      "provider": "provider[\"registry.terraform.io/hashicorp/azurerm\"]",
      "instances": [
        {
          "schema_version": 0,
          "attributes": {
            "app_service_plan_id": "/subscriptions/82064029-33f3-47ad-9060-e3d69dfd3083/resourceGroups/welfareProjecttf/providers/Microsoft.Web/serverfarms/welfaretfplan",
            "app_settings": {
              "DOCKER_REGISTRY_SERVER_URL": "https://hub.docker.com/",
              "WEBSITES_ENABLE_APP_SERVICE_STORAGE": "false"
            },
            "auth_settings": [
              {
                "active_directory": [],
                "additional_login_params": {},
                "allowed_external_redirect_urls": [],
                "default_provider": "",
                "enabled": false,
                "facebook": [],
                "google": [],
                "issuer": "",
                "microsoft": [],
                "runtime_version": "",
                "token_refresh_extension_hours": 0,
                "token_store_enabled": false,
                "twitter": [],
                "unauthenticated_client_action": ""
              }
            ],
            "backup": [],
            "client_affinity_enabled": false,
            "client_cert_enabled": false,
            "connection_string": [],
            "custom_domain_verification_id": "1BF9DD385F69049E5FEED74F25C6B8B5EF4B807DBE7D41652344FEC68E377312",
            "default_site_hostname": "welfare-project-tf.azurewebsites.net",
            "enabled": true,
            "https_only": false,
            "id": "/subscriptions/82064029-33f3-47ad-9060-e3d69dfd3083/resourceGroups/welfareProjecttf/providers/Microsoft.Web/sites/welfare-project-tf",
            "identity": [],
            "location": "eastus",
            "logs": [
              {
                "application_logs": [
                  {
                    "azure_blob_storage": [],
                    "file_system_level": "Off"
                  }
                ],
                "detailed_error_messages_enabled": false,
                "failed_request_tracing_enabled": false,
                "http_logs": [
                  {
                    "azure_blob_storage": [],
                    "file_system": []
                  }
                ]
              }
            ],
            "name": "welfare-project-tf",
            "outbound_ip_address_list": [
              "20.120.68.244",
              "20.120.69.26",
              "20.120.69.48",
              "20.120.69.94",
              "20.120.69.111",
              "20.120.69.128",
              "20.119.0.11"
            ],
            "outbound_ip_addresses": "20.120.68.244,20.120.69.26,20.120.69.48,20.120.69.94,20.120.69.111,20.120.69.128,20.119.0.11",
            "possible_outbound_ip_address_list": [
              "20.120.68.244",
              "20.120.69.26",
              "20.120.69.48",
              "20.120.69.94",
              "20.120.69.111",
              "20.120.69.128",
              "20.120.69.156",
              "20.120.69.219",
              "20.120.69.224",
              "20.120.69.233",
              "20.120.70.17",
              "20.120.70.58",
              "20.120.70.60",
              "20.120.70.187",
              "20.120.71.48",
              "20.120.71.153",
              "20.124.152.36",
              "20.124.152.47",
              "20.124.152.94",
              "20.124.152.128",
              "20.124.152.167",
              "20.124.153.27",
              "20.124.153.79",
              "20.124.153.131",
              "20.119.0.11"
            ],
            "possible_outbound_ip_addresses": "20.120.68.244,20.120.69.26,20.120.69.48,20.120.69.94,20.120.69.111,20.120.69.128,20.120.69.156,20.120.69.219,20.120.69.224,20.120.69.233,20.120.70.17,20.120.70.58,20.120.70.60,20.120.70.187,20.120.71.48,20.120.71.153,20.124.152.36,20.124.152.47,20.124.152.94,20.124.152.128,20.124.152.167,20.124.153.27,20.124.153.79,20.124.153.131,20.119.0.11",
            "resource_group_name": "welfareProjecttf",
            "site_config": [
              {
                "always_on": false,
                "app_command_line": "",
                "auto_swap_slot_name": "",
                "cors": [
                  {
                    "allowed_origins": [],
                    "support_credentials": false
                  }
                ],
                "default_documents": null,
                "dotnet_framework_version": "v4.0",
                "ftps_state": "AllAllowed",
                "health_check_path": "",
                "http2_enabled": false,
                "ip_restriction": [],
                "java_container": "",
                "java_container_version": "",
                "java_version": "",
                "linux_fx_version": "DOCKER|thiernosow/welfare-project:latest",
                "local_mysql_enabled": false,
                "managed_pipeline_mode": "Integrated",
                "min_tls_version": "1.2",
                "number_of_workers": 1,
                "php_version": "",
                "python_version": "",
                "remote_debugging_enabled": false,
                "remote_debugging_version": "VS2019",
                "scm_ip_restriction": [],
                "scm_type": "None",
                "scm_use_main_ip_restriction": false,
                "use_32_bit_worker_process": false,
                "websockets_enabled": false,
                "windows_fx_version": ""
              }
            ],
            "site_credential": [
              {
                "password": "BeENyNsLs9xbfnjlwTvt5ACPpmnPj3tMiH59Sr6xX1z0odeWaPAk8NDNPujn",
                "username": "$welfare-project-tf"
              }
            ],
            "source_control": [
              {
                "branch": "master",
                "manual_integration": false,
                "repo_url": "",
                "rollback_enabled": false,
                "use_mercurial": false
              }
            ],
            "storage_account": [],
            "tags": null,
            "timeouts": null
          },
          "sensitive_attributes": [],
          "private": "eyJlMmJmYjczMC1lY2FhLTExZTYtOGY4OC0zNDM2M2JjN2M0YzAiOnsiY3JlYXRlIjoxODAwMDAwMDAwMDAwLCJkZWxldGUiOjE4MDAwMDAwMDAwMDAsInJlYWQiOjMwMDAwMDAwMDAwMCwidXBkYXRlIjoxODAwMDAwMDAwMDAwfX0=",
          "dependencies": [
            "azurerm_app_service_plan.main",
            "azurerm_resource_group.main"
          ]
        }
      ]
    },
    {
      "mode": "managed",
      "type": "azurerm_app_service_plan",
      "name": "main",
      "provider": "provider[\"registry.terraform.io/hashicorp/azurerm\"]",
      "instances": [
        {
          "schema_version": 0,
          "attributes": {
            "app_service_environment_id": "",
            "id": "/subscriptions/82064029-33f3-47ad-9060-e3d69dfd3083/resourceGroups/welfareProjecttf/providers/Microsoft.Web/serverfarms/welfaretfplan",
            "is_xenon": false,
            "kind": "linux",
            "location": "eastus",
            "maximum_elastic_worker_count": 1,
            "maximum_number_of_workers": 10,
            "name": "welfaretfplan",
            "per_site_scaling": false,
            "reserved": true,
            "resource_group_name": "welfareProjecttf",
            "sku": [
              {
                "capacity": 1,
                "size": "S1",
                "tier": "Standard"
              }
            ],
            "tags": null,
            "timeouts": null
          },
          "sensitive_attributes": [],
          "private": "eyJlMmJmYjczMC1lY2FhLTExZTYtOGY4OC0zNDM2M2JjN2M0YzAiOnsiY3JlYXRlIjozNjAwMDAwMDAwMDAwLCJkZWxldGUiOjM2MDAwMDAwMDAwMDAsInJlYWQiOjMwMDAwMDAwMDAwMCwidXBkYXRlIjozNjAwMDAwMDAwMDAwfX0=",
          "dependencies": [
            "azurerm_resource_group.main"
          ]
        }
      ]
    },
    {
      "mode": "managed",
      "type": "azurerm_resource_group",
      "name": "main",
      "provider": "provider[\"registry.terraform.io/hashicorp/azurerm\"]",
      "instances": [
        {
          "schema_version": 0,
          "attributes": {
            "id": "/subscriptions/82064029-33f3-47ad-9060-e3d69dfd3083/resourceGroups/welfareProjecttf",
            "location": "eastus",
            "name": "welfareProjecttf",
            "tags": null,
            "timeouts": null
          },
          "sensitive_attributes": [],
          "private": "eyJlMmJmYjczMC1lY2FhLTExZTYtOGY4OC0zNDM2M2JjN2M0YzAiOnsiY3JlYXRlIjo1NDAwMDAwMDAwMDAwLCJkZWxldGUiOjU0MDAwMDAwMDAwMDAsInJlYWQiOjMwMDAwMDAwMDAwMCwidXBkYXRlIjo1NDAwMDAwMDAwMDAwfX0="
        }
      ]
    }
  ]
}
